{
  "name": "bill",
  "version": "1.0.0",
  "lockfileVersion": 1,
  "requires": true,
  "dependencies": {
    "csv": {
      "version": "5.5.0",
      "requires": {
        "csv-generate": "^3.4.0",
        "csv-parse": "^4.15.3",
        "csv-stringify": "^5.6.2",
        "stream-transform": "^2.1.0"
      }
    },
    "csv-generate": {
      "version": "3.4.0",
      "resolved": "https://registry.npm.taobao.org/csv-generate/download/csv-generate-3.4.0.tgz",
      "integrity": "sha1-Ng7XPvjscRlRWkfDvVlwrEuYjwA="
    },
    "csv-parse": {
      "version": "4.15.4",
      "resolved": "https://registry.npm.taobao.org/csv-parse/download/csv-parse-4.15.4.tgz",
      "integrity": "sha1-rR7GKq9xpkKYLfy4HxhIGE1pHbU="
    },
    "csv-parser": {
      "version": "3.0.0",
      "requires": {
        "minimist": "^1.2.0"
      }
    },
    "csv-stringify": {
      "version": "5.6.2",
      "resolved": "https://registry.npm.taobao.org/csv-stringify/download/csv-stringify-5.6.2.tgz?cache=0&sync_timestamp=1614008905826&other_urls=https%3A%2F%2Fregistry.npm.taobao.org%2Fcsv-stringify%2Fdownload%2Fcsv-stringify-5.6.2.tgz",
      "integrity": "sha1-5lN4PiGJxMeX+7Eqv39JQ8eHyqk="
    },
    "date-fns": {
      "version": "2.21.3",
      "resolved": "https://registry.nlark.com/date-fns/download/date-fns-2.21.3.tgz?cache=0&sync_timestamp=1620446285855&other_urls=https%3A%2F%2Fregistry.nlark.com%2Fdate-fns%2Fdownload%2Fdate-fns-2.21.3.tgz",
      "integrity": "sha1-j19oidepa7zB8OpQI5s5eoM1f5s="
    },
    "minimist": {
      "version": "1.2.5",
      "resolved": "https://registry.npm.taobao.org/minimist/download/minimist-1.2.5.tgz",
      "integrity": "sha1-Z9ZgFLZqaoqqDAg8X9WN9OTpdgI="
    },
    "mixme": {
      "version": "0.5.1",
      "resolved": "https://registry.nlark.com/mixme/download/mixme-0.5.1.tgz",
      "integrity": "sha1-s9p5pWOy2kbvupUZgwBZ5MKp5A8="
    },
    "stream-transform": {
      "version": "2.1.0",
      "resolved": "https://registry.npm.taobao.org/stream-transform/download/stream-transform-2.1.0.tgz",
      "integrity": "sha1-5ozAYsztW47maa6X9L5HPu5dkic=",
      "requires": {
        "mixme": "^0.5.0"
      }
    }
  }
}
